
Microsoft Visual Studio Solution File, Format Version 12.00
# Visual Studio Version 16
VisualStudioVersion = 16.0.32002.261
MinimumVisualStudioVersion = 10.0.40219.1
Project("{FAE04EC0-301F-11D3-BF4B-00C04F79EFBC}") = "ParcelaService", "ParcelaService\ParcelaService.csproj", "{335C209B-493C-4CB8-918D-01CB4837B5B8}"
EndProject
Global
	GlobalSection(SolutionConfigurationPlatforms) = preSolution
		Debug|Any CPU = Debug|Any CPU
		Release|Any CPU = Release|Any CPU
	EndGlobalSection
	GlobalSection(ProjectConfigurationPlatforms) = postSolution
		{335C209B-493C-4CB8-918D-01CB4837B5B8}.Debug|Any CPU.ActiveCfg = Debug|Any CPU
		{335C209B-493C-4CB8-918D-01CB4837B5B8}.Debug|Any CPU.Build.0 = Debug|Any CPU
		{335C209B-493C-4CB8-918D-01CB4837B5B8}.Release|Any CPU.ActiveCfg = Release|Any CPU
		{335C209B-493C-4CB8-918D-01CB4837B5B8}.Release|Any CPU.Build.0 = Release|Any CPU
	EndGlobalSection
	GlobalSection(SolutionProperties) = preSolution
		HideSolutionNode = FALSE
	EndGlobalSection
	GlobalSection(ExtensibilityGlobals) = postSolution
		SolutionGuid = {64733688-BDF0-4FC2-ADBC-CF366D1A3273}
	EndGlobalSection
EndGlobal
